
Microsoft Visual Studio Solution File, Format Version 12.00
# Visual Studio 2012
Project("{8BC9CEB8-8B4A-11D0-8D11-00A0C91BC942}") = "MEDIAN OF THE LINKED LIST", "MEDIAN OF THE LINKED LIST.vcxproj", "{344F6138-A87D-46F3-B9A6-4B0E241F0C88}"
EndProject
Global
	GlobalSection(SolutionConfigurationPlatforms) = preSolution
		Debug|Win32 = Debug|Win32
		Release|Win32 = Release|Win32
	EndGlobalSection
	GlobalSection(ProjectConfigurationPlatforms) = postSolution
		{344F6138-A87D-46F3-B9A6-4B0E241F0C88}.Debug|Win32.ActiveCfg = Debug|Win32
		{344F6138-A87D-46F3-B9A6-4B0E241F0C88}.Debug|Win32.Build.0 = Debug|Win32
		{344F6138-A87D-46F3-B9A6-4B0E241F0C88}.Release|Win32.ActiveCfg = Release|Win32
		{344F6138-A87D-46F3-B9A6-4B0E241F0C88}.Release|Win32.Build.0 = Release|Win32
	EndGlobalSection
	GlobalSection(SolutionProperties) = preSolution
		HideSolutionNode = FALSE
	EndGlobalSection
EndGlobal
